# This file is generated by running "yarn install" inside your project.
# Manual changes might be lost - proceed with caution!

__metadata:
  version: 8
  cacheKey: 10c0

"@workos-inc/node@npm:7.9":
  version: 7.9.0
  resolution: "@workos-inc/node@npm:7.9.0"
  dependencies:
    pluralize: "npm:8.0.0"
  checksum: 10c0/3f26a0582d5a767ada3b98c62315bc7960eed6af818b0fd4ec0e94c64a7fe5f7f59f3ce2658dcdb6e40c188bf52e4e4919072902310618b5b4dffadfdd83570d
  languageName: node
  linkType: hard

"add@npm:^2.0.6":
  version: 2.0.6
  resolution: "add@npm:2.0.6"
  checksum: 10c0/6b21d5f2e58cf5e15d56cc6f9ebce04f04f4c33ae25f09d600ddacf8df00036ba521f17feb1b3f81307b7c6d2ef0bed8b511a0f86f062eb90c2f909b48b588ae
  languageName: node
  linkType: hard

"broadcast-bridge-cloudflare-worker@workspace:.":
  version: 0.0.0-use.local
  resolution: "broadcast-bridge-cloudflare-worker@workspace:."
  dependencies:
    "@workos-inc/node": "npm:7.9"
    add: "npm:^2.0.6"
    hono: "npm:^4.5.1"
    jose: "npm:^5.6.3"
    web-auth-library: "npm:^1.0.3"
    yarn: "npm:^1.22.22"
  languageName: unknown
  linkType: soft

"hono@npm:^4.5.1":
  version: 4.5.1
  resolution: "hono@npm:4.5.1"
  checksum: 10c0/71228cefd3808b4bb42c10de23d67f135678eb0ab7fdfd1728d934ec2ee1241be9b1260f279b81acd2a6a57346d06d047a2650ff9bddd48fda6581751a690d80
  languageName: node
  linkType: hard

"jose@npm:>= 4.12.0 < 5.0.0":
  version: 4.15.9
  resolution: "jose@npm:4.15.9"
  checksum: 10c0/4ed4ddf4a029db04bd167f2215f65d7245e4dc5f36d7ac3c0126aab38d66309a9e692f52df88975d99429e357e5fd8bab340ff20baab544d17684dd1d940a0f4
  languageName: node
  linkType: hard

"jose@npm:^5.6.3":
  version: 5.6.3
  resolution: "jose@npm:5.6.3"
  checksum: 10c0/c33d8d37b86a17b1f720c667a1208248171b602375131828f645fff0d71a2fbe9b5e2a47c3fd9b7c3e41f3bf25761398150d1f158a2ee1b616ac90cf56f5e862
  languageName: node
  linkType: hard

"pluralize@npm:8.0.0":
  version: 8.0.0
  resolution: "pluralize@npm:8.0.0"
  checksum: 10c0/2044cfc34b2e8c88b73379ea4a36fc577db04f651c2909041b054c981cd863dd5373ebd030123ab058d194ae615d3a97cfdac653991e499d10caf592e8b3dc33
  languageName: node
  linkType: hard

"rfc4648@npm:^1.5.2":
  version: 1.5.3
  resolution: "rfc4648@npm:1.5.3"
  checksum: 10c0/0ddc47a752b7c0bda45f26e099ac39752562af0962895b86f2861f38e083630bd7215dd09637380e0446e6f60acf4fdbc93330d728772d431e6f4c638795cb4c
  languageName: node
  linkType: hard

"web-auth-library@npm:^1.0.3":
  version: 1.0.3
  resolution: "web-auth-library@npm:1.0.3"
  dependencies:
    jose: "npm:>= 4.12.0 < 5.0.0"
    rfc4648: "npm:^1.5.2"
  checksum: 10c0/6a8648011182aa1dbaeccce1c2d757f5ea1bc872ed8727b03266bd76ffc60da2f6bc24e2da7f151d858895758bb3d6306e2cb05bbd0bdea178cc99bb8d4570e2
  languageName: node
  linkType: hard

"yarn@npm:^1.22.22":
  version: 1.22.22
  resolution: "yarn@npm:1.22.22"
  bin:
    yarn: bin/yarn.js
    yarnpkg: bin/yarn.js
  checksum: 10c0/8c77198c93d7542e7f4e131c63b66de357b7076ecfbcfe709ec0d674115c2dd9edaa45196e5510e6e9366d368707a802579e3402071002e1c9d9a99d491478de
  languageName: node
  linkType: hard
